// !$*UTF8*$!
{
	archiveVersion = 1;
	classes = {
	};
	objectVersion = 46;
	objects = {

/* Begin PBXBuildFile section */
		360C97A01F2ACA4C002FF4A7 /* AppDelegate.swift in Sources */ = {isa = PBXBuildFile; fileRef = 360C979F1F2ACA4C002FF4A7 /* AppDelegate.swift */; };
		360C97A21F2ACA4C002FF4A7 /* ViewController.swift in Sources */ = {isa = PBXBuildFile; fileRef = 360C97A11F2ACA4C002FF4A7 /* ViewController.swift */; };
		360C97A51F2ACA4C002FF4A7 /* Main.storyboard in Resources */ = {isa = PBXBuildFile; fileRef = 360C97A31F2ACA4C002FF4A7 /* Main.storyboard */; };
		360C97A81F2ACA4C002FF4A7 /* WorkOut_Diary.xcdatamodeld in Sources */ = {isa = PBXBuildFile; fileRef = 360C97A61F2ACA4C002FF4A7 /* WorkOut_Diary.xcdatamodeld */; };
		360C97AA1F2ACA4C002FF4A7 /* Assets.xcassets in Resources */ = {isa = PBXBuildFile; fileRef = 360C97A91F2ACA4C002FF4A7 /* Assets.xcassets */; };
		360C97AD1F2ACA4C002FF4A7 /* LaunchScreen.storyboard in Resources */ = {isa = PBXBuildFile; fileRef = 360C97AB1F2ACA4C002FF4A7 /* LaunchScreen.storyboard */; };
/* End PBXBuildFile section */

/* Begin PBXFileReference section */
		360C979C1F2ACA4C002FF4A7 /* WorkOut Diary.app */ = {isa = PBXFileReference; explicitFileType = wrapper.application; includeInIndex = 0; path = "WorkOut Diary.app"; sourceTree = BUILT_PRODUCTS_DIR; };
		360C979F1F2ACA4C002FF4A7 /* AppDelegate.swift */ = {isa = PBXFileReference; lastKnownFileType = sourcecode.swift; path = AppDelegate.swift; sourceTree = "<group>"; };
		360C97A11F2ACA4C002FF4A7 /* ViewController.swift */ = {isa = PBXFileReference; lastKnownFileType = sourcecode.swift; path = ViewController.swift; sourceTree = "<group>"; };
		360C97A41F2ACA4C002FF4A7 /* Base */ = {isa = PBXFileReference; lastKnownFileType = file.storyboard; name = Base; path = Base.lproj/Main.storyboard; sourceTree = "<group>"; };
		360C97A71F2ACA4C002FF4A7 /* WorkOut_Diary.xcdatamodel */ = {isa = PBXFileReference; lastKnownFileType = wrapper.xcdatamodel; path = WorkOut_Diary.xcdatamodel; sourceTree = "<group>"; };
		360C97A91F2ACA4C002FF4A7 /* Assets.xcassets */ = {isa = PBXFileReference; lastKnownFileType = folder.assetcatalog; path = Assets.xcassets; sourceTree = "<group>"; };
		360C97AC1F2ACA4C002FF4A7 /* Base */ = {isa = PBXFileReference; lastKnownFileType = file.storyboard; name = Base; path = Base.lproj/LaunchScreen.storyboard; sourceTree = "<group>"; };
		360C97AE1F2ACA4C002FF4A7 /* Info.plist */ = {isa = PBXFileReference; lastKnownFileType = text.plist.xml; path = Info.plist; sourceTree = "<group>"; };
/* End PBXFileReference section */

/* Begin PBXFrameworksBuildPhase section */
		360C97991F2ACA4C002FF4A7 /* Frameworks */ = {
			isa = PBXFrameworksBuildPhase;
			buildActionMask = 2147483647;
			files = (
			);
			runOnlyForDeploymentPostprocessing = 0;
		};
/* End PBXFrameworksBuildPhase section */

/* Begin PBXGroup section */
		360C97931F2ACA4C002FF4A7 = {
			isa = PBXGroup;
			children = (
				360C979E1F2ACA4C002FF4A7 /* WorkOut Diary */,
				360C979D1F2ACA4C002FF4A7 /* Products */,
			);
			sourceTree = "<group>";
		};
		360C979D1F2ACA4C002FF4A7 /* Products */ = {
			isa = PBXGroup;
			children = (
				360C979C1F2ACA4C002FF4A7 /* WorkOut Diary.app */,
			);
			name = Products;
			sourceTree = "<group>";
		};
		360C979E1F2ACA4C002FF4A7 /* WorkOut Diary */ = {
			isa = PBXGroup;
			children = (
				360C979F1F2ACA4C002FF4A7 /* AppDelegate.swift */,
				360C97A11F2ACA4C002FF4A7 /* ViewController.swift */,
				360C97A31F2ACA4C002FF4A7 /* Main.storyboard */,
				360C97A91F2ACA4C002FF4A7 /* Assets.xcassets */,
				360C97AB1F2ACA4C002FF4A7 /* LaunchScreen.storyboard */,
				360C97AE1F2ACA4C002FF4A7 /* Info.plist */,
				360C97A61F2ACA4C002FF4A7 /* WorkOut_Diary.xcdatamodeld */,
			);
			path = "WorkOut Diary";
			sourceTree = "<group>";
		};
/* End PBXGroup section */

/* Begin PBXNativeTarget section */
		360C979B1F2ACA4C002FF4A7 /* WorkOut Diary */ = {
			isa = PBXNativeTarget;
			buildConfigurationList = 360C97B11F2ACA4C002FF4A7 /* Build configuration list for PBXNativeTarget "WorkOut Diary" */;
			buildPhases = (
				360C97981F2ACA4C002FF4A7 /* Sources */,
				360C97991F2ACA4C002FF4A7 /* Frameworks */,
				360C979A1F2ACA4C002FF4A7 /* Resources */,
			);
			buildRules = (
			);
			dependencies = (
			);
			name = "WorkOut Diary";
			productName = "WorkOut Diary";
			productReference = 360C979C1F2ACA4C002FF4A7 /* WorkOut Diary.app */;
			productType = "com.apple.product-type.application";
		};
/* End PBXNativeTarget section */

/* Begin PBXProject section */
		360C97941F2ACA4C002FF4A7 /* Project object */ = {
			isa = PBXProject;
			attributes = {
				LastSwiftUpdateCheck = 0830;
				LastUpgradeCheck = 0830;
				ORGANIZATIONNAME = Hank;
				TargetAttributes = {
					360C979B1F2ACA4C002FF4A7 = {
						CreatedOnToolsVersion = 8.3.3;
						DevelopmentTeam = BR5HP34U7K;
						ProvisioningStyle = Automatic;
					};
				};
			};
			buildConfigurationList = 360C97971F2ACA4C002FF4A7 /* Build configuration list for PBXProject "WorkOut Diary" */;
			compatibilityVersion = "Xcode 3.2";
			developmentRegion = English;
			hasScannedForEncodings = 0;
			knownRegions = (
				en,
				Base,
			);
			mainGroup = 360C97931F2ACA4C002FF4A7;
			productRefGroup = 360C979D1F2ACA4C002FF4A7 /* Products */;
			projectDirPath = "";
			projectRoot = "";
			targets = (
				360C979B1F2ACA4C002FF4A7 /* WorkOut Diary */,
			);
		};
/* End PBXProject section */

/* Begin PBXResourcesBuildPhase section */
		360C979A1F2ACA4C002FF4A7 /* Resources */ = {
			isa = PBXResourcesBuildPhase;
			buildActionMask = 2147483647;
			files = (
				360C97AD1F2ACA4C002FF4A7 /* LaunchScreen.storyboard in Resources */,
				360C97AA1F2ACA4C002FF4A7 /* Assets.xcassets in Resources */,
				360C97A51F2ACA4C002FF4A7 /* Main.storyboard in Resources */,
			);
			runOnlyForDeploymentPostprocessing = 0;
		};
/* End PBXResourcesBuildPhase section */

/* Begin PBXSourcesBuildPhase section */
		360C97981F2ACA4C002FF4A7 /* Sources */ = {
			isa = PBXSourcesBuildPhase;
			buildActionMask = 2147483647;
			files = (
				360C97A21F2ACA4C002FF4A7 /* ViewController.swift in Sources */,
				360C97A01F2ACA4C002FF4A7 /* AppDelegate.swift in Sources */,
				360C97A81F2ACA4C002FF4A7 /* WorkOut_Diary.xcdatamodeld in Sources */,
			);
			runOnlyForDeploymentPostprocessing = 0;
		};
/* End PBXSourcesBuildPhase section */

/* Begin PBXVariantGroup section */
		360C97A31F2ACA4C002FF4A7 /* Main.storyboard */ = {
			isa = PBXVariantGroup;
			children = (
				360C97A41F2ACA4C002FF4A7 /* Base */,
			);
			name = Main.storyboard;
			sourceTree = "<group>";
		};
		360C97AB1F2ACA4C002FF4A7 /* LaunchScreen.storyboard */ = {
			isa = PBXVariantGroup;
			children = (
				360C97AC1F2ACA4C002FF4A7 /* Base */,
			);
			name = LaunchScreen.storyboard;
			sourceTree = "<group>";
		};
/* End PBXVariantGroup section */

/* Begin XCBuildConfiguration section */
		360C97AF1F2ACA4C002FF4A7 /* Debug */ = {
			isa = XCBuildConfiguration;
			buildSettings = {
				ALWAYS_SEARCH_USER_PATHS = NO;
				CLANG_ANALYZER_NONNULL = YES;
				CLANG_ANALYZER_NUMBER_OBJECT_CONVERSION = YES_AGGRESSIVE;
				CLANG_CXX_LANGUAGE_STANDARD = "gnu++0x";
				CLANG_CXX_LIBRARY = "libc++";
				CLANG_ENABLE_MODULES = YES;
				CLANG_ENABLE_OBJC_ARC = YES;
				CLANG_WARN_BOOL_CONVERSION = YES;
				CLANG_WARN_CONSTANT_CONVERSION = YES;
				CLANG_WARN_DIRECT_OBJC_ISA_USAGE = YES_ERROR;
				CLANG_WARN_DOCUMENTATION_COMMENTS = YES;
				CLANG_WARN_EMPTY_BODY = YES;
				CLANG_WARN_ENUM_CONVERSION = YES;
				CLANG_WARN_INFINITE_RECURSION = YES;
				CLANG_WARN_INT_CONVERSION = YES;
				CLANG_WARN_OBJC_ROOT_CLASS = YES_ERROR;
				CLANG_WARN_SUSPICIOUS_MOVE = YES;
				CLANG_WARN_UNREACHABLE_CODE = YES;
				CLANG_WARN__DUPLICATE_METHOD_MATCH = YES;
				"CODE_SIGN_IDENTITY[sdk=iphoneos*]" = "iPhone Developer";
				COPY_PHASE_STRIP = NO;
				DEBUG_INFORMATION_FORMAT = dwarf;
				ENABLE_STRICT_OBJC_MSGSEND = YES;
				ENABLE_TESTABILITY = YES;
				GCC_C_LANGUAGE_STANDARD = gnu99;
				GCC_DYNAMIC_NO_PIC = NO;
				GCC_NO_COMMON_BLOCKS = YES;
				GCC_OPTIMIZATION_LEVEL = 0;
				GCC_PREPROCESSOR_DEFINITIONS = (
					"DEBUG=1",
					"$(inherited)",
				);
				GCC_WARN_64_TO_32_BIT_CONVERSION = YES;
				GCC_WARN_ABOUT_RETURN_TYPE = YES_ERROR;
				GCC_WARN_UNDECLARED_SELECTOR = YES;
				GCC_WARN_UNINITIALIZED_AUTOS = YES_AGGRESSIVE;
				GCC_WARN_UNUSED_FUNCTION = YES;
				GCC_WARN_UNUSED_VARIABLE = YES;
				IPHONEOS_DEPLOYMENT_TARGET = 10.3;
				MTL_ENABLE_DEBUG_INFO = YES;
				ONLY_ACTIVE_ARCH = YES;
				SDKROOT = iphoneos;
				SWIFT_ACTIVE_COMPILATION_CONDITIONS = DEBUG;
				SWIFT_OPTIMIZATION_LEVEL = "-Onone";
			};
			name = Debug;
		};
		360C97B01F2ACA4C002FF4A7 /* Release */ = {
			isa = XCBuildConfiguration;
			buildSettings = {
				ALWAYS_SEARCH_USER_PATHS = NO;
				CLANG_ANALYZER_NONNULL = YES;
				CLANG_ANALYZER_NUMBER_OBJECT_CONVERSION = YES_AGGRESSIVE;
				CLANG_CXX_LANGUAGE_STANDARD = "gnu++0x";
				CLANG_CXX_LIBRARY = "libc++";
				CLANG_ENABLE_MODULES = YES;
				CLANG_ENABLE_OBJC_ARC = YES;
				CLANG_WARN_BOOL_CONVERSION = YES;
				CLANG_WARN_CONSTANT_CONVERSION = YES;
				CLANG_WARN_DIRECT_OBJC_ISA_USAGE = YES_ERROR;
				CLANG_WARN_DOCUMENTATION_COMMENTS = YES;
				CLANG_WARN_EMPTY_BODY = YES;
				CLANG_WARN_ENUM_CONVERSION = YES;
				CLANG_WARN_INFINITE_RECURSION = YES;
				CLANG_WARN_INT_CONVERSION = YES;
				CLANG_WARN_OBJC_ROOT_CLASS = YES_ERROR;
				CLANG_WARN_SUSPICIOUS_MOVE = YES;
				CLANG_WARN_UNREACHABLE_CODE = YES;
				CLANG_WARN__DUPLICATE_METHOD_MATCH = YES;
				"CODE_SIGN_IDENTITY[sdk=iphoneos*]" = "iPhone Developer";
				COPY_PHASE_STRIP = NO;
				DEBUG_INFORMATION_FORMAT = "dwarf-with-dsym";
				ENABLE_NS_ASSERTIONS = NO;
				ENABLE_STRICT_OBJC_MSGSEND = YES;
				GCC_C_LANGUAGE_STANDARD = gnu99;
				GCC_NO_COMMON_BLOCKS = YES;
				GCC_WARN_64_TO_32_BIT_CONVERSION = YES;
				GCC_WARN_ABOUT_RETURN_TYPE = YES_ERROR;
				GCC_WARN_UNDECLARED_SELECTOR = YES;
				GCC_WARN_UNINITIALIZED_AUTOS = YES_AGGRESSIVE;
				GCC_WARN_UNUSED_FUNCTION = YES;
				GCC_WARN_UNUSED_VARIABLE = YES;
				IPHONEOS_DEPLOYMENT_TARGET = 10.3;
				MTL_ENABLE_DEBUG_INFO = NO;
				SDKROOT = iphoneos;
				SWIFT_OPTIMIZATION_LEVEL = "-Owholemodule";
				VALIDATE_PRODUCT = YES;
			};
			name = Release;
		};
		360C97B21F2ACA4C002FF4A7 /* Debug */ = {
			isa = XCBuildConfiguration;
			buildSettings = {
				ASSETCATALOG_COMPILER_APPICON_NAME = AppIcon;
				DEVELOPMENT_TEAM = BR5HP34U7K;
				INFOPLIST_FILE = "WorkOut Diary/Info.plist";
				LD_RUNPATH_SEARCH_PATHS = "$(inherited) @executable_path/Frameworks";
				PRODUCT_BUNDLE_IDENTIFIER = "com.Hank.WorkOut-Diary";
				PRODUCT_NAME = "$(TARGET_NAME)";
				SWIFT_VERSION = 3.0;
			};
			name = Debug;
		};
		360C97B31F2ACA4C002FF4A7 /* Release */ = {
			isa = XCBuildConfiguration;
			buildSettings = {
				ASSETCATALOG_COMPILER_APPICON_NAME = AppIcon;
				DEVELOPMENT_TEAM = BR5HP34U7K;
				INFOPLIST_FILE = "WorkOut Diary/Info.plist";
				LD_RUNPATH_SEARCH_PATHS = "$(inherited) @executable_path/Frameworks";
				PRODUCT_BUNDLE_IDENTIFIER = "com.Hank.WorkOut-Diary";
				PRODUCT_NAME = "$(TARGET_NAME)";
				SWIFT_VERSION = 3.0;
			};
			name = Release;
		};
/* End XCBuildConfiguration section */

/* Begin XCConfigurationList section */
		360C97971F2ACA4C002FF4A7 /* Build configuration list for PBXProject "WorkOut Diary" */ = {
			isa = XCConfigurationList;
			buildConfigurations = (
				360C97AF1F2ACA4C002FF4A7 /* Debug */,
				360C97B01F2ACA4C002FF4A7 /* Release */,
			);
			defaultConfigurationIsVisible = 0;
			defaultConfigurationName = Release;
		};
		360C97B11F2ACA4C002FF4A7 /* Build configuration list for PBXNativeTarget "WorkOut Diary" */ = {
			isa = XCConfigurationList;
			buildConfigurations = (
				360C97B21F2ACA4C002FF4A7 /* Debug */,
				360C97B31F2ACA4C002FF4A7 /* Release */,
			);
			defaultConfigurationIsVisible = 0;
		};
/* End XCConfigurationList section */

/* Begin XCVersionGroup section */
		360C97A61F2ACA4C002FF4A7 /* WorkOut_Diary.xcdatamodeld */ = {
			isa = XCVersionGroup;
			children = (
				360C97A71F2ACA4C002FF4A7 /* WorkOut_Diary.xcdatamodel */,
			);
			currentVersion = 360C97A71F2ACA4C002FF4A7 /* WorkOut_Diary.xcdatamodel */;
			path = WorkOut_Diary.xcdatamodeld;
			sourceTree = "<group>";
			versionGroupType = wrapper.xcdatamodel;
		};
/* End XCVersionGroup section */
	};
	rootObject = 360C97941F2ACA4C002FF4A7 /* Project object */;
}
